
Microsoft Visual Studio Solution File, Format Version 12.00
# Visual Studio Version 17
VisualStudioVersion = 17.9.34701.34
MinimumVisualStudioVersion = 10.0.40219.1
Project("{FAE04EC0-301F-11D3-BF4B-00C04F79EFBC}") = "GUI", "GUI.csproj", "{B253D759-D28B-4D88-B2D3-CEE8F317F509}"
EndProject
Global
	GlobalSection(SolutionConfigurationPlatforms) = preSolution
		Debug|Any CPU = Debug|Any CPU
		Release|Any CPU = Release|Any CPU
	EndGlobalSection
	GlobalSection(ProjectConfigurationPlatforms) = postSolution
		{B253D759-D28B-4D88-B2D3-CEE8F317F509}.Debug|Any CPU.ActiveCfg = Debug|Any CPU
		{B253D759-D28B-4D88-B2D3-CEE8F317F509}.Debug|Any CPU.Build.0 = Debug|Any CPU
		{B253D759-D28B-4D88-B2D3-CEE8F317F509}.Release|Any CPU.ActiveCfg = Release|Any CPU
		{B253D759-D28B-4D88-B2D3-CEE8F317F509}.Release|Any CPU.Build.0 = Release|Any CPU
	EndGlobalSection
	GlobalSection(SolutionProperties) = preSolution
		HideSolutionNode = FALSE
	EndGlobalSection
	GlobalSection(ExtensibilityGlobals) = postSolution
		SolutionGuid = {7DCE0913-CFAA-4466-BA88-F8439302C2EB}
	EndGlobalSection
EndGlobal
